// !$*UTF8*$!
{
	archiveVersion = 1;
	classes = {
	};
	objectVersion = 50;
	objects = {

/* Begin PBXBuildFile section */
		2958F2185F87F2FEFECA7229 /* Pods_WireTests.framework in Frameworks */ = {isa = PBXBuildFile; fileRef = 93BA8114EE4C92F440A3A585 /* Pods_WireTests.framework */; };
		4CB177DA21A0696800E1D0E1 /* SplashViewController.swift in Sources */ = {isa = PBXBuildFile; fileRef = 4CB177D921A0696800E1D0E1 /* SplashViewController.swift */; };
		4CBC8405219F23F4001DB328 /* Colors.swift in Sources */ = {isa = PBXBuildFile; fileRef = 4CBC8404219F23F4001DB328 /* Colors.swift */; };
		4CBC8407219F2900001DB328 /* DarkNavigationContoller.swift in Sources */ = {isa = PBXBuildFile; fileRef = 4CBC8406219F2900001DB328 /* DarkNavigationContoller.swift */; };
		4CC71EE921976F76003BBB4A /* AppDelegate.swift in Sources */ = {isa = PBXBuildFile; fileRef = 4CC71EE821976F76003BBB4A /* AppDelegate.swift */; };
		4CC71EEB21976F76003BBB4A /* PulsesViewController.swift in Sources */ = {isa = PBXBuildFile; fileRef = 4CC71EEA21976F76003BBB4A /* PulsesViewController.swift */; };
		4CC71EED21976F76003BBB4A /* SettingsViewController.swift in Sources */ = {isa = PBXBuildFile; fileRef = 4CC71EEC21976F76003BBB4A /* SettingsViewController.swift */; };
		4CC71EF221976F77003BBB4A /* Assets.xcassets in Resources */ = {isa = PBXBuildFile; fileRef = 4CC71EF121976F77003BBB4A /* Assets.xcassets */; };
		4CC71F0021976F78003BBB4A /* WireTests.swift in Sources */ = {isa = PBXBuildFile; fileRef = 4CC71EFF21976F78003BBB4A /* WireTests.swift */; };
		4CC71F0B21976F78003BBB4A /* WireUITests.swift in Sources */ = {isa = PBXBuildFile; fileRef = 4CC71F0A21976F78003BBB4A /* WireUITests.swift */; };
		4CC71F1921977C66003BBB4A /* TabBarController.swift in Sources */ = {isa = PBXBuildFile; fileRef = 4CC71F1821977C66003BBB4A /* TabBarController.swift */; };
		4CC71F1B219781A2003BBB4A /* SettingsTableViewCell.swift in Sources */ = {isa = PBXBuildFile; fileRef = 4CC71F1A219781A2003BBB4A /* SettingsTableViewCell.swift */; };
		4CC71F1D219788FB003BBB4A /* GoogleService-Info.plist in Resources */ = {isa = PBXBuildFile; fileRef = 4CC71F1C219788FB003BBB4A /* GoogleService-Info.plist */; };
		4CC71F1F21978C60003BBB4A /* SignInViewController.swift in Sources */ = {isa = PBXBuildFile; fileRef = 4CC71F1E21978C60003BBB4A /* SignInViewController.swift */; };
		4CEB354321A081F100F349D5 /* ContactsViewController.swift in Sources */ = {isa = PBXBuildFile; fileRef = 4CEB354221A081F100F349D5 /* ContactsViewController.swift */; };
		7F47FC10685955E8A4432D19 /* Pods_Wire.framework in Frameworks */ = {isa = PBXBuildFile; fileRef = 85B545EF400FF219592F6CC9 /* Pods_Wire.framework */; };
		B16BFB6FEDD09CAA749CDEBC /* Pods_WireUITests.framework in Frameworks */ = {isa = PBXBuildFile; fileRef = E7D5B9B7D24FDABFD32BB125 /* Pods_WireUITests.framework */; };
/* End PBXBuildFile section */

/* Begin PBXContainerItemProxy section */
		4CC71EFC21976F78003BBB4A /* PBXContainerItemProxy */ = {
			isa = PBXContainerItemProxy;
			containerPortal = 4CC71EDD21976F76003BBB4A /* Project object */;
			proxyType = 1;
			remoteGlobalIDString = 4CC71EE421976F76003BBB4A;
			remoteInfo = Wire;
		};
		4CC71F0721976F78003BBB4A /* PBXContainerItemProxy */ = {
			isa = PBXContainerItemProxy;
			containerPortal = 4CC71EDD21976F76003BBB4A /* Project object */;
			proxyType = 1;
			remoteGlobalIDString = 4CC71EE421976F76003BBB4A;
			remoteInfo = Wire;
		};
/* End PBXContainerItemProxy section */

/* Begin PBXFileReference section */
		3938A1A5C65C39C856AFAB06 /* Pods-WireUITests.debug.xcconfig */ = {isa = PBXFileReference; includeInIndex = 1; lastKnownFileType = text.xcconfig; name = "Pods-WireUITests.debug.xcconfig"; path = "Pods/Target Support Files/Pods-WireUITests/Pods-WireUITests.debug.xcconfig"; sourceTree = "<group>"; };
		4CB177D921A0696800E1D0E1 /* SplashViewController.swift */ = {isa = PBXFileReference; lastKnownFileType = sourcecode.swift; path = SplashViewController.swift; sourceTree = "<group>"; };
		4CBC8404219F23F4001DB328 /* Colors.swift */ = {isa = PBXFileReference; lastKnownFileType = sourcecode.swift; path = Colors.swift; sourceTree = "<group>"; };
		4CBC8406219F2900001DB328 /* DarkNavigationContoller.swift */ = {isa = PBXFileReference; lastKnownFileType = sourcecode.swift; path = DarkNavigationContoller.swift; sourceTree = "<group>"; };
		4CC71EE521976F76003BBB4A /* Wire.app */ = {isa = PBXFileReference; explicitFileType = wrapper.application; includeInIndex = 0; path = Wire.app; sourceTree = BUILT_PRODUCTS_DIR; };
		4CC71EE821976F76003BBB4A /* AppDelegate.swift */ = {isa = PBXFileReference; lastKnownFileType = sourcecode.swift; path = AppDelegate.swift; sourceTree = "<group>"; };
		4CC71EEA21976F76003BBB4A /* PulsesViewController.swift */ = {isa = PBXFileReference; lastKnownFileType = sourcecode.swift; path = PulsesViewController.swift; sourceTree = "<group>"; };
		4CC71EEC21976F76003BBB4A /* SettingsViewController.swift */ = {isa = PBXFileReference; lastKnownFileType = sourcecode.swift; path = SettingsViewController.swift; sourceTree = "<group>"; };
		4CC71EF121976F77003BBB4A /* Assets.xcassets */ = {isa = PBXFileReference; lastKnownFileType = folder.assetcatalog; path = Assets.xcassets; sourceTree = "<group>"; };
		4CC71EF621976F77003BBB4A /* Info.plist */ = {isa = PBXFileReference; lastKnownFileType = text.plist.xml; path = Info.plist; sourceTree = "<group>"; };
		4CC71EFB21976F78003BBB4A /* WireTests.xctest */ = {isa = PBXFileReference; explicitFileType = wrapper.cfbundle; includeInIndex = 0; path = WireTests.xctest; sourceTree = BUILT_PRODUCTS_DIR; };
		4CC71EFF21976F78003BBB4A /* WireTests.swift */ = {isa = PBXFileReference; lastKnownFileType = sourcecode.swift; path = WireTests.swift; sourceTree = "<group>"; };
		4CC71F0121976F78003BBB4A /* Info.plist */ = {isa = PBXFileReference; lastKnownFileType = text.plist.xml; path = Info.plist; sourceTree = "<group>"; };
		4CC71F0621976F78003BBB4A /* WireUITests.xctest */ = {isa = PBXFileReference; explicitFileType = wrapper.cfbundle; includeInIndex = 0; path = WireUITests.xctest; sourceTree = BUILT_PRODUCTS_DIR; };
		4CC71F0A21976F78003BBB4A /* WireUITests.swift */ = {isa = PBXFileReference; lastKnownFileType = sourcecode.swift; path = WireUITests.swift; sourceTree = "<group>"; };
		4CC71F0C21976F78003BBB4A /* Info.plist */ = {isa = PBXFileReference; lastKnownFileType = text.plist.xml; path = Info.plist; sourceTree = "<group>"; };
		4CC71F1821977C66003BBB4A /* TabBarController.swift */ = {isa = PBXFileReference; lastKnownFileType = sourcecode.swift; path = TabBarController.swift; sourceTree = "<group>"; };
		4CC71F1A219781A2003BBB4A /* SettingsTableViewCell.swift */ = {isa = PBXFileReference; lastKnownFileType = sourcecode.swift; path = SettingsTableViewCell.swift; sourceTree = "<group>"; };
		4CC71F1C219788FB003BBB4A /* GoogleService-Info.plist */ = {isa = PBXFileReference; fileEncoding = 4; lastKnownFileType = text.plist.xml; path = "GoogleService-Info.plist"; sourceTree = "<group>"; };
		4CC71F1E21978C60003BBB4A /* SignInViewController.swift */ = {isa = PBXFileReference; lastKnownFileType = sourcecode.swift; path = SignInViewController.swift; sourceTree = "<group>"; };
		4CEB354221A081F100F349D5 /* ContactsViewController.swift */ = {isa = PBXFileReference; lastKnownFileType = sourcecode.swift; path = ContactsViewController.swift; sourceTree = "<group>"; };
		7A3C68A2BD84A7C7E6306215 /* Pods-WireTests.release.xcconfig */ = {isa = PBXFileReference; includeInIndex = 1; lastKnownFileType = text.xcconfig; name = "Pods-WireTests.release.xcconfig"; path = "Pods/Target Support Files/Pods-WireTests/Pods-WireTests.release.xcconfig"; sourceTree = "<group>"; };
		85B545EF400FF219592F6CC9 /* Pods_Wire.framework */ = {isa = PBXFileReference; explicitFileType = wrapper.framework; includeInIndex = 0; path = Pods_Wire.framework; sourceTree = BUILT_PRODUCTS_DIR; };
		93BA8114EE4C92F440A3A585 /* Pods_WireTests.framework */ = {isa = PBXFileReference; explicitFileType = wrapper.framework; includeInIndex = 0; path = Pods_WireTests.framework; sourceTree = BUILT_PRODUCTS_DIR; };
		A571C4C0D561A1674AB45F54 /* Pods-WireUITests.release.xcconfig */ = {isa = PBXFileReference; includeInIndex = 1; lastKnownFileType = text.xcconfig; name = "Pods-WireUITests.release.xcconfig"; path = "Pods/Target Support Files/Pods-WireUITests/Pods-WireUITests.release.xcconfig"; sourceTree = "<group>"; };
		B30541EBC65B4A4D67396AAD /* Pods-Wire.release.xcconfig */ = {isa = PBXFileReference; includeInIndex = 1; lastKnownFileType = text.xcconfig; name = "Pods-Wire.release.xcconfig"; path = "Pods/Target Support Files/Pods-Wire/Pods-Wire.release.xcconfig"; sourceTree = "<group>"; };
		D3FE9F7F3BD36A533DF1D95D /* Pods-Wire.debug.xcconfig */ = {isa = PBXFileReference; includeInIndex = 1; lastKnownFileType = text.xcconfig; name = "Pods-Wire.debug.xcconfig"; path = "Pods/Target Support Files/Pods-Wire/Pods-Wire.debug.xcconfig"; sourceTree = "<group>"; };
		E7D5B9B7D24FDABFD32BB125 /* Pods_WireUITests.framework */ = {isa = PBXFileReference; explicitFileType = wrapper.framework; includeInIndex = 0; path = Pods_WireUITests.framework; sourceTree = BUILT_PRODUCTS_DIR; };
		F9B13485168FB5280698020F /* Pods-WireTests.debug.xcconfig */ = {isa = PBXFileReference; includeInIndex = 1; lastKnownFileType = text.xcconfig; name = "Pods-WireTests.debug.xcconfig"; path = "Pods/Target Support Files/Pods-WireTests/Pods-WireTests.debug.xcconfig"; sourceTree = "<group>"; };
/* End PBXFileReference section */

/* Begin PBXFrameworksBuildPhase section */
		4CC71EE221976F76003BBB4A /* Frameworks */ = {
			isa = PBXFrameworksBuildPhase;
			buildActionMask = 2147483647;
			files = (
				7F47FC10685955E8A4432D19 /* Pods_Wire.framework in Frameworks */,
			);
			runOnlyForDeploymentPostprocessing = 0;
		};
		4CC71EF821976F78003BBB4A /* Frameworks */ = {
			isa = PBXFrameworksBuildPhase;
			buildActionMask = 2147483647;
			files = (
				2958F2185F87F2FEFECA7229 /* Pods_WireTests.framework in Frameworks */,
			);
			runOnlyForDeploymentPostprocessing = 0;
		};
		4CC71F0321976F78003BBB4A /* Frameworks */ = {
			isa = PBXFrameworksBuildPhase;
			buildActionMask = 2147483647;
			files = (
				B16BFB6FEDD09CAA749CDEBC /* Pods_WireUITests.framework in Frameworks */,
			);
			runOnlyForDeploymentPostprocessing = 0;
		};
/* End PBXFrameworksBuildPhase section */

/* Begin PBXGroup section */
		4CC71EDC21976F76003BBB4A = {
			isa = PBXGroup;
			children = (
				4CC71EE721976F76003BBB4A /* Wire */,
				4CC71EFE21976F78003BBB4A /* WireTests */,
				4CC71F0921976F78003BBB4A /* WireUITests */,
				4CC71EE621976F76003BBB4A /* Products */,
				A90A25EB28FF3BB1A665BC1A /* Pods */,
				DDF919E1F3EB1995D3715276 /* Frameworks */,
			);
			sourceTree = "<group>";
		};
		4CC71EE621976F76003BBB4A /* Products */ = {
			isa = PBXGroup;
			children = (
				4CC71EE521976F76003BBB4A /* Wire.app */,
				4CC71EFB21976F78003BBB4A /* WireTests.xctest */,
				4CC71F0621976F78003BBB4A /* WireUITests.xctest */,
			);
			name = Products;
			sourceTree = "<group>";
		};
		4CC71EE721976F76003BBB4A /* Wire */ = {
			isa = PBXGroup;
			children = (
				4CC71EE821976F76003BBB4A /* AppDelegate.swift */,
				4CBC8404219F23F4001DB328 /* Colors.swift */,
				4CCBD04F21989D77004521B1 /* Controllers */,
				4CCBD05021989D9B004521B1 /* Views */,
				4CC71EF121976F77003BBB4A /* Assets.xcassets */,
				4CC71F1C219788FB003BBB4A /* GoogleService-Info.plist */,
				4CC71EF621976F77003BBB4A /* Info.plist */,
			);
			path = Wire;
			sourceTree = "<group>";
		};
		4CC71EFE21976F78003BBB4A /* WireTests */ = {
			isa = PBXGroup;
			children = (
				4CC71EFF21976F78003BBB4A /* WireTests.swift */,
				4CC71F0121976F78003BBB4A /* Info.plist */,
			);
			path = WireTests;
			sourceTree = "<group>";
		};
		4CC71F0921976F78003BBB4A /* WireUITests */ = {
			isa = PBXGroup;
			children = (
				4CC71F0A21976F78003BBB4A /* WireUITests.swift */,
				4CC71F0C21976F78003BBB4A /* Info.plist */,
			);
			path = WireUITests;
			sourceTree = "<group>";
		};
		4CCBD04F21989D77004521B1 /* Controllers */ = {
			isa = PBXGroup;
			children = (
				4CEB354221A081F100F349D5 /* ContactsViewController.swift */,
				4CBC8406219F2900001DB328 /* DarkNavigationContoller.swift */,
				4CC71EEA21976F76003BBB4A /* PulsesViewController.swift */,
				4CC71EEC21976F76003BBB4A /* SettingsViewController.swift */,
				4CC71F1E21978C60003BBB4A /* SignInViewController.swift */,
				4CC71F1821977C66003BBB4A /* TabBarController.swift */,
				4CB177D921A0696800E1D0E1 /* SplashViewController.swift */,
			);
			path = Controllers;
			sourceTree = "<group>";
		};
		4CCBD05021989D9B004521B1 /* Views */ = {
			isa = PBXGroup;
			children = (
				4CC71F1A219781A2003BBB4A /* SettingsTableViewCell.swift */,
			);
			path = Views;
			sourceTree = "<group>";
		};
		A90A25EB28FF3BB1A665BC1A /* Pods */ = {
			isa = PBXGroup;
			children = (
				D3FE9F7F3BD36A533DF1D95D /* Pods-Wire.debug.xcconfig */,
				B30541EBC65B4A4D67396AAD /* Pods-Wire.release.xcconfig */,
				F9B13485168FB5280698020F /* Pods-WireTests.debug.xcconfig */,
				7A3C68A2BD84A7C7E6306215 /* Pods-WireTests.release.xcconfig */,
				3938A1A5C65C39C856AFAB06 /* Pods-WireUITests.debug.xcconfig */,
				A571C4C0D561A1674AB45F54 /* Pods-WireUITests.release.xcconfig */,
			);
			name = Pods;
			sourceTree = "<group>";
		};
		DDF919E1F3EB1995D3715276 /* Frameworks */ = {
			isa = PBXGroup;
			children = (
				85B545EF400FF219592F6CC9 /* Pods_Wire.framework */,
				93BA8114EE4C92F440A3A585 /* Pods_WireTests.framework */,
				E7D5B9B7D24FDABFD32BB125 /* Pods_WireUITests.framework */,
			);
			name = Frameworks;
			sourceTree = "<group>";
		};
/* End PBXGroup section */

/* Begin PBXNativeTarget section */
		4CC71EE421976F76003BBB4A /* Wire */ = {
			isa = PBXNativeTarget;
			buildConfigurationList = 4CC71F0F21976F78003BBB4A /* Build configuration list for PBXNativeTarget "Wire" */;
			buildPhases = (
				E55816DD8068F517FBA8C227 /* [CP] Check Pods Manifest.lock */,
				4CC71EE121976F76003BBB4A /* Sources */,
				4CC71EE221976F76003BBB4A /* Frameworks */,
				4CC71EE321976F76003BBB4A /* Resources */,
				F9D90FA3F650B718A5DA3E36 /* [CP] Embed Pods Frameworks */,
				1009D06342625E94C66FE572 /* [CP] Copy Pods Resources */,
			);
			buildRules = (
			);
			dependencies = (
			);
			name = Wire;
			productName = Wire;
			productReference = 4CC71EE521976F76003BBB4A /* Wire.app */;
			productType = "com.apple.product-type.application";
		};
		4CC71EFA21976F78003BBB4A /* WireTests */ = {
			isa = PBXNativeTarget;
			buildConfigurationList = 4CC71F1221976F78003BBB4A /* Build configuration list for PBXNativeTarget "WireTests" */;
			buildPhases = (
				F5484B04D2DBBA50920316EF /* [CP] Check Pods Manifest.lock */,
				4CC71EF721976F78003BBB4A /* Sources */,
				4CC71EF821976F78003BBB4A /* Frameworks */,
				4CC71EF921976F78003BBB4A /* Resources */,
			);
			buildRules = (
			);
			dependencies = (
				4CC71EFD21976F78003BBB4A /* PBXTargetDependency */,
			);
			name = WireTests;
			productName = WireTests;
			productReference = 4CC71EFB21976F78003BBB4A /* WireTests.xctest */;
			productType = "com.apple.product-type.bundle.unit-test";
		};
		4CC71F0521976F78003BBB4A /* WireUITests */ = {
			isa = PBXNativeTarget;
			buildConfigurationList = 4CC71F1521976F78003BBB4A /* Build configuration list for PBXNativeTarget "WireUITests" */;
			buildPhases = (
				02F4177C4439B464C0977D96 /* [CP] Check Pods Manifest.lock */,
				4CC71F0221976F78003BBB4A /* Sources */,
				4CC71F0321976F78003BBB4A /* Frameworks */,
				4CC71F0421976F78003BBB4A /* Resources */,
			);
			buildRules = (
			);
			dependencies = (
				4CC71F0821976F78003BBB4A /* PBXTargetDependency */,
			);
			name = WireUITests;
			productName = WireUITests;
			productReference = 4CC71F0621976F78003BBB4A /* WireUITests.xctest */;
			productType = "com.apple.product-type.bundle.ui-testing";
		};
/* End PBXNativeTarget section */

/* Begin PBXProject section */
		4CC71EDD21976F76003BBB4A /* Project object */ = {
			isa = PBXProject;
			attributes = {
				LastSwiftUpdateCheck = 1010;
				LastUpgradeCheck = 1010;
				ORGANIZATIONNAME = "Will Tyler";
				TargetAttributes = {
					4CC71EE421976F76003BBB4A = {
						CreatedOnToolsVersion = 10.1;
					};
					4CC71EFA21976F78003BBB4A = {
						CreatedOnToolsVersion = 10.1;
						TestTargetID = 4CC71EE421976F76003BBB4A;
					};
					4CC71F0521976F78003BBB4A = {
						CreatedOnToolsVersion = 10.1;
						TestTargetID = 4CC71EE421976F76003BBB4A;
					};
				};
			};
			buildConfigurationList = 4CC71EE021976F76003BBB4A /* Build configuration list for PBXProject "Wire" */;
			compatibilityVersion = "Xcode 9.3";
			developmentRegion = en;
			hasScannedForEncodings = 0;
			knownRegions = (
				en,
				Base,
			);
			mainGroup = 4CC71EDC21976F76003BBB4A;
			productRefGroup = 4CC71EE621976F76003BBB4A /* Products */;
			projectDirPath = "";
			projectRoot = "";
			targets = (
				4CC71EE421976F76003BBB4A /* Wire */,
				4CC71EFA21976F78003BBB4A /* WireTests */,
				4CC71F0521976F78003BBB4A /* WireUITests */,
			);
		};
/* End PBXProject section */

/* Begin PBXResourcesBuildPhase section */
		4CC71EE321976F76003BBB4A /* Resources */ = {
			isa = PBXResourcesBuildPhase;
			buildActionMask = 2147483647;
			files = (
				4CC71EF221976F77003BBB4A /* Assets.xcassets in Resources */,
				4CC71F1D219788FB003BBB4A /* GoogleService-Info.plist in Resources */,
			);
			runOnlyForDeploymentPostprocessing = 0;
		};
		4CC71EF921976F78003BBB4A /* Resources */ = {
			isa = PBXResourcesBuildPhase;
			buildActionMask = 2147483647;
			files = (
			);
			runOnlyForDeploymentPostprocessing = 0;
		};
		4CC71F0421976F78003BBB4A /* Resources */ = {
			isa = PBXResourcesBuildPhase;
			buildActionMask = 2147483647;
			files = (
			);
			runOnlyForDeploymentPostprocessing = 0;
		};
/* End PBXResourcesBuildPhase section */

/* Begin PBXShellScriptBuildPhase section */
		02F4177C4439B464C0977D96 /* [CP] Check Pods Manifest.lock */ = {
			isa = PBXShellScriptBuildPhase;
			buildActionMask = 2147483647;
			files = (
			);
			inputFileListPaths = (
			);
			inputPaths = (
				"${PODS_PODFILE_DIR_PATH}/Podfile.lock",
				"${PODS_ROOT}/Manifest.lock",
			);
			name = "[CP] Check Pods Manifest.lock";
			outputFileListPaths = (
			);
			outputPaths = (
				"$(DERIVED_FILE_DIR)/Pods-WireUITests-checkManifestLockResult.txt",
			);
			runOnlyForDeploymentPostprocessing = 0;
			shellPath = /bin/sh;
			shellScript = "diff \"${PODS_PODFILE_DIR_PATH}/Podfile.lock\" \"${PODS_ROOT}/Manifest.lock\" > /dev/null\nif [ $? != 0 ] ; then\n    # print error to STDERR\n    echo \"error: The sandbox is not in sync with the Podfile.lock. Run 'pod install' or update your CocoaPods installation.\" >&2\n    exit 1\nfi\n# This output is used by Xcode 'outputs' to avoid re-running this script phase.\necho \"SUCCESS\" > \"${SCRIPT_OUTPUT_FILE_0}\"\n";
			showEnvVarsInLog = 0;
		};
		1009D06342625E94C66FE572 /* [CP] Copy Pods Resources */ = {
			isa = PBXShellScriptBuildPhase;
			buildActionMask = 2147483647;
			files = (
			);
			inputFileListPaths = (
			);
			inputPaths = (
				"${SRCROOT}/Pods/Target Support Files/Pods-Wire/Pods-Wire-resources.sh",
				"${PODS_ROOT}/GoogleSignIn/Resources/GoogleSignIn.bundle",
			);
			name = "[CP] Copy Pods Resources";
			outputFileListPaths = (
			);
			outputPaths = (
				"${TARGET_BUILD_DIR}/${UNLOCALIZED_RESOURCES_FOLDER_PATH}/GoogleSignIn.bundle",
			);
			runOnlyForDeploymentPostprocessing = 0;
			shellPath = /bin/sh;
			shellScript = "\"${SRCROOT}/Pods/Target Support Files/Pods-Wire/Pods-Wire-resources.sh\"\n";
			showEnvVarsInLog = 0;
		};
		E55816DD8068F517FBA8C227 /* [CP] Check Pods Manifest.lock */ = {
			isa = PBXShellScriptBuildPhase;
			buildActionMask = 2147483647;
			files = (
			);
			inputFileListPaths = (
			);
			inputPaths = (
				"${PODS_PODFILE_DIR_PATH}/Podfile.lock",
				"${PODS_ROOT}/Manifest.lock",
			);
			name = "[CP] Check Pods Manifest.lock";
			outputFileListPaths = (
			);
			outputPaths = (
				"$(DERIVED_FILE_DIR)/Pods-Wire-checkManifestLockResult.txt",
			);
			runOnlyForDeploymentPostprocessing = 0;
			shellPath = /bin/sh;
			shellScript = "diff \"${PODS_PODFILE_DIR_PATH}/Podfile.lock\" \"${PODS_ROOT}/Manifest.lock\" > /dev/null\nif [ $? != 0 ] ; then\n    # print error to STDERR\n    echo \"error: The sandbox is not in sync with the Podfile.lock. Run 'pod install' or update your CocoaPods installation.\" >&2\n    exit 1\nfi\n# This output is used by Xcode 'outputs' to avoid re-running this script phase.\necho \"SUCCESS\" > \"${SCRIPT_OUTPUT_FILE_0}\"\n";
			showEnvVarsInLog = 0;
		};
		F5484B04D2DBBA50920316EF /* [CP] Check Pods Manifest.lock */ = {
			isa = PBXShellScriptBuildPhase;
			buildActionMask = 2147483647;
			files = (
			);
			inputFileListPaths = (
			);
			inputPaths = (
				"${PODS_PODFILE_DIR_PATH}/Podfile.lock",
				"${PODS_ROOT}/Manifest.lock",
			);
			name = "[CP] Check Pods Manifest.lock";
			outputFileListPaths = (
			);
			outputPaths = (
				"$(DERIVED_FILE_DIR)/Pods-WireTests-checkManifestLockResult.txt",
			);
			runOnlyForDeploymentPostprocessing = 0;
			shellPath = /bin/sh;
			shellScript = "diff \"${PODS_PODFILE_DIR_PATH}/Podfile.lock\" \"${PODS_ROOT}/Manifest.lock\" > /dev/null\nif [ $? != 0 ] ; then\n    # print error to STDERR\n    echo \"error: The sandbox is not in sync with the Podfile.lock. Run 'pod install' or update your CocoaPods installation.\" >&2\n    exit 1\nfi\n# This output is used by Xcode 'outputs' to avoid re-running this script phase.\necho \"SUCCESS\" > \"${SCRIPT_OUTPUT_FILE_0}\"\n";
			showEnvVarsInLog = 0;
		};
		F9D90FA3F650B718A5DA3E36 /* [CP] Embed Pods Frameworks */ = {
			isa = PBXShellScriptBuildPhase;
			buildActionMask = 2147483647;
			files = (
			);
			inputFileListPaths = (
			);
			inputPaths = (
				"${SRCROOT}/Pods/Target Support Files/Pods-Wire/Pods-Wire-frameworks.sh",
				"${BUILT_PRODUCTS_DIR}/GTMOAuth2/GTMOAuth2.framework",
				"${BUILT_PRODUCTS_DIR}/GTMSessionFetcher/GTMSessionFetcher.framework",
				"${BUILT_PRODUCTS_DIR}/GoogleToolboxForMac/GoogleToolboxForMac.framework",
				"${BUILT_PRODUCTS_DIR}/leveldb-library/leveldb.framework",
				"${BUILT_PRODUCTS_DIR}/nanopb/nanopb.framework",
			);
			name = "[CP] Embed Pods Frameworks";
			outputFileListPaths = (
			);
			outputPaths = (
				"${TARGET_BUILD_DIR}/${FRAMEWORKS_FOLDER_PATH}/GTMOAuth2.framework",
				"${TARGET_BUILD_DIR}/${FRAMEWORKS_FOLDER_PATH}/GTMSessionFetcher.framework",
				"${TARGET_BUILD_DIR}/${FRAMEWORKS_FOLDER_PATH}/GoogleToolboxForMac.framework",
				"${TARGET_BUILD_DIR}/${FRAMEWORKS_FOLDER_PATH}/leveldb.framework",
				"${TARGET_BUILD_DIR}/${FRAMEWORKS_FOLDER_PATH}/nanopb.framework",
			);
			runOnlyForDeploymentPostprocessing = 0;
			shellPath = /bin/sh;
			shellScript = "\"${SRCROOT}/Pods/Target Support Files/Pods-Wire/Pods-Wire-frameworks.sh\"\n";
			showEnvVarsInLog = 0;
		};
/* End PBXShellScriptBuildPhase section */

/* Begin PBXSourcesBuildPhase section */
		4CC71EE121976F76003BBB4A /* Sources */ = {
			isa = PBXSourcesBuildPhase;
			buildActionMask = 2147483647;
			files = (
				4CC71F1F21978C60003BBB4A /* SignInViewController.swift in Sources */,
				4CC71EED21976F76003BBB4A /* SettingsViewController.swift in Sources */,
				4CC71F1921977C66003BBB4A /* TabBarController.swift in Sources */,
				4CB177DA21A0696800E1D0E1 /* SplashViewController.swift in Sources */,
				4CBC8405219F23F4001DB328 /* Colors.swift in Sources */,
				4CBC8407219F2900001DB328 /* DarkNavigationContoller.swift in Sources */,
				4CC71EE921976F76003BBB4A /* AppDelegate.swift in Sources */,
				4CC71F1B219781A2003BBB4A /* SettingsTableViewCell.swift in Sources */,
				4CC71EEB21976F76003BBB4A /* PulsesViewController.swift in Sources */,
				4CEB354321A081F100F349D5 /* ContactsViewController.swift in Sources */,
			);
			runOnlyForDeploymentPostprocessing = 0;
		};
		4CC71EF721976F78003BBB4A /* Sources */ = {
			isa = PBXSourcesBuildPhase;
			buildActionMask = 2147483647;
			files = (
				4CC71F0021976F78003BBB4A /* WireTests.swift in Sources */,
			);
			runOnlyForDeploymentPostprocessing = 0;
		};
		4CC71F0221976F78003BBB4A /* Sources */ = {
			isa = PBXSourcesBuildPhase;
			buildActionMask = 2147483647;
			files = (
				4CC71F0B21976F78003BBB4A /* WireUITests.swift in Sources */,
			);
			runOnlyForDeploymentPostprocessing = 0;
		};
/* End PBXSourcesBuildPhase section */

/* Begin PBXTargetDependency section */
		4CC71EFD21976F78003BBB4A /* PBXTargetDependency */ = {
			isa = PBXTargetDependency;
			target = 4CC71EE421976F76003BBB4A /* Wire */;
			targetProxy = 4CC71EFC21976F78003BBB4A /* PBXContainerItemProxy */;
		};
		4CC71F0821976F78003BBB4A /* PBXTargetDependency */ = {
			isa = PBXTargetDependency;
			target = 4CC71EE421976F76003BBB4A /* Wire */;
			targetProxy = 4CC71F0721976F78003BBB4A /* PBXContainerItemProxy */;
		};
/* End PBXTargetDependency section */

/* Begin XCBuildConfiguration section */
		4CC71F0D21976F78003BBB4A /* Debug */ = {
			isa = XCBuildConfiguration;
			buildSettings = {
				ALWAYS_SEARCH_USER_PATHS = NO;
				CLANG_ANALYZER_NONNULL = YES;
				CLANG_ANALYZER_NUMBER_OBJECT_CONVERSION = YES_AGGRESSIVE;
				CLANG_CXX_LANGUAGE_STANDARD = "gnu++14";
				CLANG_CXX_LIBRARY = "libc++";
				CLANG_ENABLE_MODULES = YES;
				CLANG_ENABLE_OBJC_ARC = YES;
				CLANG_ENABLE_OBJC_WEAK = YES;
				CLANG_WARN_BLOCK_CAPTURE_AUTORELEASING = YES;
				CLANG_WARN_BOOL_CONVERSION = YES;
				CLANG_WARN_COMMA = YES;
				CLANG_WARN_CONSTANT_CONVERSION = YES;
				CLANG_WARN_DEPRECATED_OBJC_IMPLEMENTATIONS = YES;
				CLANG_WARN_DIRECT_OBJC_ISA_USAGE = YES_ERROR;
				CLANG_WARN_DOCUMENTATION_COMMENTS = YES;
				CLANG_WARN_EMPTY_BODY = YES;
				CLANG_WARN_ENUM_CONVERSION = YES;
				CLANG_WARN_INFINITE_RECURSION = YES;
				CLANG_WARN_INT_CONVERSION = YES;
				CLANG_WARN_NON_LITERAL_NULL_CONVERSION = YES;
				CLANG_WARN_OBJC_IMPLICIT_RETAIN_SELF = YES;
				CLANG_WARN_OBJC_LITERAL_CONVERSION = YES;
				CLANG_WARN_OBJC_ROOT_CLASS = YES_ERROR;
				CLANG_WARN_RANGE_LOOP_ANALYSIS = YES;
				CLANG_WARN_STRICT_PROTOTYPES = YES;
				CLANG_WARN_SUSPICIOUS_MOVE = YES;
				CLANG_WARN_UNGUARDED_AVAILABILITY = YES_AGGRESSIVE;
				CLANG_WARN_UNREACHABLE_CODE = YES;
				CLANG_WARN__DUPLICATE_METHOD_MATCH = YES;
				CODE_SIGN_IDENTITY = "iPhone Developer";
				COPY_PHASE_STRIP = NO;
				DEBUG_INFORMATION_FORMAT = dwarf;
				ENABLE_STRICT_OBJC_MSGSEND = YES;
				ENABLE_TESTABILITY = YES;
				GCC_C_LANGUAGE_STANDARD = gnu11;
				GCC_DYNAMIC_NO_PIC = NO;
				GCC_NO_COMMON_BLOCKS = YES;
				GCC_OPTIMIZATION_LEVEL = 0;
				GCC_PREPROCESSOR_DEFINITIONS = (
					"DEBUG=1",
					"$(inherited)",
				);
				GCC_WARN_64_TO_32_BIT_CONVERSION = YES;
				GCC_WARN_ABOUT_RETURN_TYPE = YES_ERROR;
				GCC_WARN_UNDECLARED_SELECTOR = YES;
				GCC_WARN_UNINITIALIZED_AUTOS = YES_AGGRESSIVE;
				GCC_WARN_UNUSED_FUNCTION = YES;
				GCC_WARN_UNUSED_VARIABLE = YES;
				IPHONEOS_DEPLOYMENT_TARGET = 12.1;
				MTL_ENABLE_DEBUG_INFO = INCLUDE_SOURCE;
				MTL_FAST_MATH = YES;
				ONLY_ACTIVE_ARCH = YES;
				SDKROOT = iphoneos;
				SWIFT_ACTIVE_COMPILATION_CONDITIONS = DEBUG;
				SWIFT_OPTIMIZATION_LEVEL = "-Onone";
			};
			name = Debug;
		};
		4CC71F0E21976F78003BBB4A /* Release */ = {
			isa = XCBuildConfiguration;
			buildSettings = {
				ALWAYS_SEARCH_USER_PATHS = NO;
				CLANG_ANALYZER_NONNULL = YES;
				CLANG_ANALYZER_NUMBER_OBJECT_CONVERSION = YES_AGGRESSIVE;
				CLANG_CXX_LANGUAGE_STANDARD = "gnu++14";
				CLANG_CXX_LIBRARY = "libc++";
				CLANG_ENABLE_MODULES = YES;
				CLANG_ENABLE_OBJC_ARC = YES;
				CLANG_ENABLE_OBJC_WEAK = YES;
				CLANG_WARN_BLOCK_CAPTURE_AUTORELEASING = YES;
				CLANG_WARN_BOOL_CONVERSION = YES;
				CLANG_WARN_COMMA = YES;
				CLANG_WARN_CONSTANT_CONVERSION = YES;
				CLANG_WARN_DEPRECATED_OBJC_IMPLEMENTATIONS = YES;
				CLANG_WARN_DIRECT_OBJC_ISA_USAGE = YES_ERROR;
				CLANG_WARN_DOCUMENTATION_COMMENTS = YES;
				CLANG_WARN_EMPTY_BODY = YES;
				CLANG_WARN_ENUM_CONVERSION = YES;
				CLANG_WARN_INFINITE_RECURSION = YES;
				CLANG_WARN_INT_CONVERSION = YES;
				CLANG_WARN_NON_LITERAL_NULL_CONVERSION = YES;
				CLANG_WARN_OBJC_IMPLICIT_RETAIN_SELF = YES;
				CLANG_WARN_OBJC_LITERAL_CONVERSION = YES;
				CLANG_WARN_OBJC_ROOT_CLASS = YES_ERROR;
				CLANG_WARN_RANGE_LOOP_ANALYSIS = YES;
				CLANG_WARN_STRICT_PROTOTYPES = YES;
				CLANG_WARN_SUSPICIOUS_MOVE = YES;
				CLANG_WARN_UNGUARDED_AVAILABILITY = YES_AGGRESSIVE;
				CLANG_WARN_UNREACHABLE_CODE = YES;
				CLANG_WARN__DUPLICATE_METHOD_MATCH = YES;
				CODE_SIGN_IDENTITY = "iPhone Developer";
				COPY_PHASE_STRIP = NO;
				DEBUG_INFORMATION_FORMAT = "dwarf-with-dsym";
				ENABLE_NS_ASSERTIONS = NO;
				ENABLE_STRICT_OBJC_MSGSEND = YES;
				GCC_C_LANGUAGE_STANDARD = gnu11;
				GCC_NO_COMMON_BLOCKS = YES;
				GCC_WARN_64_TO_32_BIT_CONVERSION = YES;
				GCC_WARN_ABOUT_RETURN_TYPE = YES_ERROR;
				GCC_WARN_UNDECLARED_SELECTOR = YES;
				GCC_WARN_UNINITIALIZED_AUTOS = YES_AGGRESSIVE;
				GCC_WARN_UNUSED_FUNCTION = YES;
				GCC_WARN_UNUSED_VARIABLE = YES;
				IPHONEOS_DEPLOYMENT_TARGET = 12.1;
				MTL_ENABLE_DEBUG_INFO = NO;
				MTL_FAST_MATH = YES;
				SDKROOT = iphoneos;
				SWIFT_COMPILATION_MODE = wholemodule;
				SWIFT_OPTIMIZATION_LEVEL = "-O";
				VALIDATE_PRODUCT = YES;
			};
			name = Release;
		};
		4CC71F1021976F78003BBB4A /* Debug */ = {
			isa = XCBuildConfiguration;
			baseConfigurationReference = D3FE9F7F3BD36A533DF1D95D /* Pods-Wire.debug.xcconfig */;
			buildSettings = {
				ASSETCATALOG_COMPILER_APPICON_NAME = AppIcon;
				CODE_SIGN_STYLE = Automatic;
				DEVELOPMENT_TEAM = 83A9Z5EMT8;
				INFOPLIST_FILE = Wire/Info.plist;
				IPHONEOS_DEPLOYMENT_TARGET = 11.0;
				LD_RUNPATH_SEARCH_PATHS = (
					"$(inherited)",
					"@executable_path/Frameworks",
				);
				PRODUCT_BUNDLE_IDENTIFIER = willtyler.Wire;
				PRODUCT_NAME = "$(TARGET_NAME)";
				SWIFT_VERSION = 4.2;
				TARGETED_DEVICE_FAMILY = "1,2";
			};
			name = Debug;
		};
		4CC71F1121976F78003BBB4A /* Release */ = {
			isa = XCBuildConfiguration;
			baseConfigurationReference = B30541EBC65B4A4D67396AAD /* Pods-Wire.release.xcconfig */;
			buildSettings = {
				ASSETCATALOG_COMPILER_APPICON_NAME = AppIcon;
				CODE_SIGN_STYLE = Automatic;
				DEVELOPMENT_TEAM = 83A9Z5EMT8;
				INFOPLIST_FILE = Wire/Info.plist;
				IPHONEOS_DEPLOYMENT_TARGET = 11.0;
				LD_RUNPATH_SEARCH_PATHS = (
					"$(inherited)",
					"@executable_path/Frameworks",
				);
				PRODUCT_BUNDLE_IDENTIFIER = willtyler.Wire;
				PRODUCT_NAME = "$(TARGET_NAME)";
				SWIFT_VERSION = 4.2;
				TARGETED_DEVICE_FAMILY = "1,2";
			};
			name = Release;
		};
		4CC71F1321976F78003BBB4A /* Debug */ = {
			isa = XCBuildConfiguration;
			baseConfigurationReference = F9B13485168FB5280698020F /* Pods-WireTests.debug.xcconfig */;
			buildSettings = {
				ALWAYS_EMBED_SWIFT_STANDARD_LIBRARIES = YES;
				BUNDLE_LOADER = "$(TEST_HOST)";
				CODE_SIGN_STYLE = Automatic;
				DEVELOPMENT_TEAM = 83A9Z5EMT8;
				INFOPLIST_FILE = WireTests/Info.plist;
				LD_RUNPATH_SEARCH_PATHS = (
					"$(inherited)",
					"@executable_path/Frameworks",
					"@loader_path/Frameworks",
				);
				PRODUCT_BUNDLE_IDENTIFIER = willtyler.WireTests;
				PRODUCT_NAME = "$(TARGET_NAME)";
				SWIFT_VERSION = 4.2;
				TARGETED_DEVICE_FAMILY = "1,2";
				TEST_HOST = "$(BUILT_PRODUCTS_DIR)/Wire.app/Wire";
			};
			name = Debug;
		};
		4CC71F1421976F78003BBB4A /* Release */ = {
			isa = XCBuildConfiguration;
			baseConfigurationReference = 7A3C68A2BD84A7C7E6306215 /* Pods-WireTests.release.xcconfig */;
			buildSettings = {
				ALWAYS_EMBED_SWIFT_STANDARD_LIBRARIES = YES;
				BUNDLE_LOADER = "$(TEST_HOST)";
				CODE_SIGN_STYLE = Automatic;
				DEVELOPMENT_TEAM = 83A9Z5EMT8;
				INFOPLIST_FILE = WireTests/Info.plist;
				LD_RUNPATH_SEARCH_PATHS = (
					"$(inherited)",
					"@executable_path/Frameworks",
					"@loader_path/Frameworks",
				);
				PRODUCT_BUNDLE_IDENTIFIER = willtyler.WireTests;
				PRODUCT_NAME = "$(TARGET_NAME)";
				SWIFT_VERSION = 4.2;
				TARGETED_DEVICE_FAMILY = "1,2";
				TEST_HOST = "$(BUILT_PRODUCTS_DIR)/Wire.app/Wire";
			};
			name = Release;
		};
		4CC71F1621976F78003BBB4A /* Debug */ = {
			isa = XCBuildConfiguration;
			baseConfigurationReference = 3938A1A5C65C39C856AFAB06 /* Pods-WireUITests.debug.xcconfig */;
			buildSettings = {
				ALWAYS_EMBED_SWIFT_STANDARD_LIBRARIES = YES;
				CODE_SIGN_STYLE = Automatic;
				DEVELOPMENT_TEAM = 83A9Z5EMT8;
				INFOPLIST_FILE = WireUITests/Info.plist;
				LD_RUNPATH_SEARCH_PATHS = (
					"$(inherited)",
					"@executable_path/Frameworks",
					"@loader_path/Frameworks",
				);
				PRODUCT_BUNDLE_IDENTIFIER = willtyler.WireUITests;
				PRODUCT_NAME = "$(TARGET_NAME)";
				SWIFT_VERSION = 4.2;
				TARGETED_DEVICE_FAMILY = "1,2";
				TEST_TARGET_NAME = Wire;
			};
			name = Debug;
		};
		4CC71F1721976F78003BBB4A /* Release */ = {
			isa = XCBuildConfiguration;
			baseConfigurationReference = A571C4C0D561A1674AB45F54 /* Pods-WireUITests.release.xcconfig */;
			buildSettings = {
				ALWAYS_EMBED_SWIFT_STANDARD_LIBRARIES = YES;
				CODE_SIGN_STYLE = Automatic;
				DEVELOPMENT_TEAM = 83A9Z5EMT8;
				INFOPLIST_FILE = WireUITests/Info.plist;
				LD_RUNPATH_SEARCH_PATHS = (
					"$(inherited)",
					"@executable_path/Frameworks",
					"@loader_path/Frameworks",
				);
				PRODUCT_BUNDLE_IDENTIFIER = willtyler.WireUITests;
				PRODUCT_NAME = "$(TARGET_NAME)";
				SWIFT_VERSION = 4.2;
				TARGETED_DEVICE_FAMILY = "1,2";
				TEST_TARGET_NAME = Wire;
			};
			name = Release;
		};
/* End XCBuildConfiguration section */

/* Begin XCConfigurationList section */
		4CC71EE021976F76003BBB4A /* Build configuration list for PBXProject "Wire" */ = {
			isa = XCConfigurationList;
			buildConfigurations = (
				4CC71F0D21976F78003BBB4A /* Debug */,
				4CC71F0E21976F78003BBB4A /* Release */,
			);
			defaultConfigurationIsVisible = 0;
			defaultConfigurationName = Release;
		};
		4CC71F0F21976F78003BBB4A /* Build configuration list for PBXNativeTarget "Wire" */ = {
			isa = XCConfigurationList;
			buildConfigurations = (
				4CC71F1021976F78003BBB4A /* Debug */,
				4CC71F1121976F78003BBB4A /* Release */,
			);
			defaultConfigurationIsVisible = 0;
			defaultConfigurationName = Release;
		};
		4CC71F1221976F78003BBB4A /* Build configuration list for PBXNativeTarget "WireTests" */ = {
			isa = XCConfigurationList;
			buildConfigurations = (
				4CC71F1321976F78003BBB4A /* Debug */,
				4CC71F1421976F78003BBB4A /* Release */,
			);
			defaultConfigurationIsVisible = 0;
			defaultConfigurationName = Release;
		};
		4CC71F1521976F78003BBB4A /* Build configuration list for PBXNativeTarget "WireUITests" */ = {
			isa = XCConfigurationList;
			buildConfigurations = (
				4CC71F1621976F78003BBB4A /* Debug */,
				4CC71F1721976F78003BBB4A /* Release */,
			);
			defaultConfigurationIsVisible = 0;
			defaultConfigurationName = Release;
		};
/* End XCConfigurationList section */
	};
	rootObject = 4CC71EDD21976F76003BBB4A /* Project object */;
}
